[[package]]
name = "numpy"
version = "1.21.5"
description = "NumPy is the fundamental package for array computing with Python."
category = "main"
optional = false
python-versions = ">=3.7,<3.11"

[[package]]
name = "pyaudio"
version = "0.2.11"
description = "Bindings for PortAudio v19, the cross-platform audio input/output stream library."
category = "main"
optional = false
python-versions = "*"

[[package]]
name = "pyqt5"
version = "5.15.6"
description = "Python bindings for the Qt cross platform application toolkit"
category = "main"
optional = false
python-versions = ">=3.6"

[package.dependencies]
PyQt5-Qt5 = ">=5.15.2"
PyQt5-sip = ">=12.8,<13"

[[package]]
name = "pyqt5-qt5"
version = "5.15.2"
description = "The subset of a Qt installation needed by PyQt5."
category = "main"
optional = false
python-versions = "*"

[[package]]
name = "pyqt5-sip"
version = "12.9.0"
description = "The sip module support for PyQt5"
category = "main"
optional = false
python-versions = ">=3.5"

[[package]]
name = "pyqtgraph"
version = "0.12.3"
description = "Scientific Graphics and GUI Library for Python"
category = "main"
optional = false
python-versions = ">=3.7"

[package.dependencies]
numpy = ">=1.17.0"

[metadata]
lock-version = "1.1"
python-versions = ">=3.7,<3.11"
content-hash = "42fbe5e497a77a0e9598074e6818d09917d8065657fbb3ff96cb0978acf709b7"

[metadata.files]
numpy = [
    {file = "numpy-1.21.5-cp310-cp310-macosx_10_9_universal2.whl", hash = "sha256:301e408a052fdcda5cdcf03021ebafc3c6ea093021bf9d1aa47c54d48bdad166"},
    {file = "numpy-1.21.5-cp310-cp310-macosx_10_9_x86_64.whl", hash = "sha256:a7e8f6216f180f3fd4efb73de5d1eaefb5f5a1ee5b645c67333033e39440e63a"},
    {file = "numpy-1.21.5-cp310-cp310-macosx_11_0_arm64.whl", hash = "sha256:fc7a7d7b0ed72589fd8b8486b9b42a564f10b8762be8bd4d9df94b807af4a089"},
    {file = "numpy-1.21.5-cp310-cp310-manylinux_2_17_aarch64.manylinux2014_aarch64.whl", hash = "sha256:58ca1d7c8aef6e996112d0ce873ac9dfa1eaf4a1196b4ff7ff73880a09923ba7"},
    {file = "numpy-1.21.5-cp310-cp310-manylinux_2_17_x86_64.manylinux2014_x86_64.whl", hash = "sha256:dc4b2fb01f1b4ddbe2453468ea0719f4dbb1f5caa712c8b21bb3dd1480cd30d9"},
    {file = "numpy-1.21.5-cp310-cp310-win_amd64.whl", hash = "sha256:cc1b30205d138d1005adb52087ff45708febbef0e420386f58664f984ef56954"},
    {file = "numpy-1.21.5-cp37-cp37m-macosx_10_9_x86_64.whl", hash = "sha256:08de8472d9f7571f9d51b27b75e827f5296295fa78817032e84464be8bb905bc"},
    {file = "numpy-1.21.5-cp37-cp37m-manylinux_2_12_i686.manylinux2010_i686.whl", hash = "sha256:4fe6a006557b87b352c04596a6e3f12a57d6e5f401d804947bd3188e6b0e0e76"},
    {file = "numpy-1.21.5-cp37-cp37m-manylinux_2_12_x86_64.manylinux2010_x86_64.whl", hash = "sha256:3d893b0871322eaa2f8c7072cdb552d8e2b27645b7875a70833c31e9274d4611"},
    {file = "numpy-1.21.5-cp37-cp37m-manylinux_2_17_aarch64.manylinux2014_aarch64.whl", hash = "sha256:341dddcfe3b7b6427a28a27baa59af5ad51baa59bfec3264f1ab287aa3b30b13"},
    {file = "numpy-1.21.5-cp37-cp37m-win32.whl", hash = "sha256:ca9c23848292c6fe0a19d212790e62f398fd9609aaa838859be8459bfbe558aa"},
    {file = "numpy-1.21.5-cp37-cp37m-win_amd64.whl", hash = "sha256:025b497014bc33fc23897859350f284323f32a2fff7654697f5a5fc2a19e9939"},
    {file = "numpy-1.21.5-cp38-cp38-macosx_10_9_universal2.whl", hash = "sha256:3a5098df115340fb17fc93867317a947e1dcd978c3888c5ddb118366095851f8"},
    {file = "numpy-1.21.5-cp38-cp38-macosx_10_9_x86_64.whl", hash = "sha256:311283acf880cfcc20369201bd75da907909afc4666966c7895cbed6f9d2c640"},
    {file = "numpy-1.21.5-cp38-cp38-macosx_11_0_arm64.whl", hash = "sha256:b545ebadaa2b878c8630e5bcdb97fc4096e779f335fc0f943547c1c91540c815"},
    {file = "numpy-1.21.5-cp38-cp38-manylinux_2_12_i686.manylinux2010_i686.whl", hash = "sha256:c5562bcc1a9b61960fc8950ade44d00e3de28f891af0acc96307c73613d18f6e"},
    {file = "numpy-1.21.5-cp38-cp38-manylinux_2_12_x86_64.manylinux2010_x86_64.whl", hash = "sha256:eed2afaa97ec33b4411995be12f8bdb95c87984eaa28d76cf628970c8a2d689a"},
    {file = "numpy-1.21.5-cp38-cp38-manylinux_2_17_aarch64.manylinux2014_aarch64.whl", hash = "sha256:61bada43d494515d5b122f4532af226fdb5ee08fe5b5918b111279843dc6836a"},
    {file = "numpy-1.21.5-cp38-cp38-win32.whl", hash = "sha256:7b9d6b14fc9a4864b08d1ba57d732b248f0e482c7b2ff55c313137e3ed4d8449"},
    {file = "numpy-1.21.5-cp38-cp38-win_amd64.whl", hash = "sha256:dbce7adeb66b895c6aaa1fad796aaefc299ced597f6fbd9ceddb0dd735245354"},
    {file = "numpy-1.21.5-cp39-cp39-macosx_10_9_universal2.whl", hash = "sha256:507c05c7a37b3683eb08a3ff993bd1ee1e6c752f77c2f275260533b265ecdb6c"},
    {file = "numpy-1.21.5-cp39-cp39-macosx_10_9_x86_64.whl", hash = "sha256:00c9fa73a6989895b8815d98300a20ac993c49ac36c8277e8ffeaa3631c0dbbb"},
    {file = "numpy-1.21.5-cp39-cp39-macosx_11_0_arm64.whl", hash = "sha256:69a5a8d71c308d7ef33ef72371c2388a90e3495dbb7993430e674006f94797d5"},
    {file = "numpy-1.21.5-cp39-cp39-manylinux_2_12_i686.manylinux2010_i686.whl", hash = "sha256:2d8adfca843bc46ac199a4645233f13abf2011a0b2f4affc5c37cd552626f27b"},
    {file = "numpy-1.21.5-cp39-cp39-manylinux_2_12_x86_64.manylinux2010_x86_64.whl", hash = "sha256:c293d3c0321996cd8ffe84215ffe5d269fd9d1d12c6f4ffe2b597a7c30d3e593"},
    {file = "numpy-1.21.5-cp39-cp39-manylinux_2_17_aarch64.manylinux2014_aarch64.whl", hash = "sha256:3c978544be9e04ed12016dd295a74283773149b48f507d69b36f91aa90a643e5"},
    {file = "numpy-1.21.5-cp39-cp39-win32.whl", hash = "sha256:2a9add27d7fc0fdb572abc3b2486eb3b1395da71e0254c5552b2aad2a18b5441"},
    {file = "numpy-1.21.5-cp39-cp39-win_amd64.whl", hash = "sha256:1964db2d4a00348b7a60ee9d013c8cb0c566644a589eaa80995126eac3b99ced"},
    {file = "numpy-1.21.5-pp37-pypy37_pp73-manylinux_2_12_x86_64.manylinux2010_x86_64.whl", hash = "sha256:a7c4b701ca418cd39e28ec3b496e6388fe06de83f5f0cb74794fa31cfa384c02"},
    {file = "numpy-1.21.5.zip", hash = "sha256:6a5928bc6241264dce5ed509e66f33676fc97f464e7a919edc672fb5532221ee"},
]
pyaudio = [
    {file = "PyAudio-0.2.11-cp27-cp27m-win32.whl", hash = "sha256:f78d543a98b730e64621ebf7f3e2868a79ade0a373882ef51c0293455ffa8e6e"},
    {file = "PyAudio-0.2.11-cp27-cp27m-win_amd64.whl", hash = "sha256:259bb9c1363be895b4f9a97e320a6017dd06bc540728c1a04eb4a7b6fe75035b"},
    {file = "PyAudio-0.2.11-cp34-cp34m-win32.whl", hash = "sha256:0d92f6a294565260a282f7c9a0b0d309fc8cc988b5ee5b50645634ab9e2da7f7"},
    {file = "PyAudio-0.2.11-cp34-cp34m-win_amd64.whl", hash = "sha256:589bfad2c615dd4b5d3757e763019c42ab82f06fba5cae64ec02fd7f5ae407ed"},
    {file = "PyAudio-0.2.11-cp35-cp35m-win32.whl", hash = "sha256:8f89075b4844ea94dde0c951c2937581c989fabd4df09bfd3f075035f50955df"},
    {file = "PyAudio-0.2.11-cp35-cp35m-win_amd64.whl", hash = "sha256:cf1543ba50bd44ac0d0ab5c035bb9c3127eb76047ff12235149d9adf86f532b6"},
    {file = "PyAudio-0.2.11-cp36-cp36m-win32.whl", hash = "sha256:51b558d1b28c68437b53218279110db44f69f3f5dd3d81859f569a4a96962bdc"},
    {file = "PyAudio-0.2.11-cp36-cp36m-win_amd64.whl", hash = "sha256:2a19bdb8ec1445b4f3e4b7b109e0e4cec1fd1f1ce588592aeb6db0b58d4fb3b0"},
    {file = "PyAudio-0.2.11.tar.gz", hash = "sha256:93bfde30e0b64e63a46f2fd77e85c41fd51182a4a3413d9edfaf9ffaa26efb74"},
]
pyqt5 = [
    {file = "PyQt5-5.15.6-cp36-abi3-macosx_10_13_x86_64.whl", hash = "sha256:33ced1c876f6a26e7899615a5a4efef2167c263488837c7beed023a64cebd051"},
    {file = "PyQt5-5.15.6-cp36-abi3-manylinux1_x86_64.whl", hash = "sha256:9d6efad0377aa78bf081a20ac752ce86096ded18f04c592d98f5b92dc879ad0a"},
    {file = "PyQt5-5.15.6-cp36-abi3-win32.whl", hash = "sha256:9d2dcdaf82263ae56023410a7af15d1fd746c8e361733a7d0d1bd1f004ec2793"},
    {file = "PyQt5-5.15.6-cp36-abi3-win_amd64.whl", hash = "sha256:f411ecda52e488e1d3c5cce7563e1b2ca9cf0b7531e3c25b03d9a7e56e07e7fc"},
    {file = "PyQt5-5.15.6.tar.gz", hash = "sha256:80343bcab95ffba619f2ed2467fd828ffeb0a251ad7225be5fc06dcc333af452"},
]
pyqt5-qt5 = [
    {file = "PyQt5_Qt5-5.15.2-py3-none-macosx_10_13_intel.whl", hash = "sha256:76980cd3d7ae87e3c7a33bfebfaee84448fd650bad6840471d6cae199b56e154"},
    {file = "PyQt5_Qt5-5.15.2-py3-none-manylinux2014_x86_64.whl", hash = "sha256:1988f364ec8caf87a6ee5d5a3a5210d57539988bf8e84714c7d60972692e2f4a"},
    {file = "PyQt5_Qt5-5.15.2-py3-none-win32.whl", hash = "sha256:9cc7a768b1921f4b982ebc00a318ccb38578e44e45316c7a4a850e953e1dd327"},
    {file = "PyQt5_Qt5-5.15.2-py3-none-win_amd64.whl", hash = "sha256:750b78e4dba6bdf1607febedc08738e318ea09e9b10aea9ff0d73073f11f6962"},
]
pyqt5-sip = [
    {file = "PyQt5_sip-12.9.0-cp310-cp310-macosx_10_9_universal2.whl", hash = "sha256:6d5bca2fc222d58e8093ee8a81a6e3437067bb22bc3f86d06ec8be721e15e90a"},
    {file = "PyQt5_sip-12.9.0-cp310-cp310-manylinux1_x86_64.whl", hash = "sha256:d59af63120d1475b2bf94fe8062610720a9be1e8940ea146c7f42bb449d49067"},
    {file = "PyQt5_sip-12.9.0-cp310-cp310-win32.whl", hash = "sha256:0fc9aefacf502696710b36cdc9fa2a61487f55ee883dbcf2c2a6477e261546f7"},
    {file = "PyQt5_sip-12.9.0-cp310-cp310-win_amd64.whl", hash = "sha256:485972daff2fb0311013f471998f8ec8262ea381bded244f9d14edaad5f54271"},
    {file = "PyQt5_sip-12.9.0-cp36-cp36m-macosx_10_6_intel.whl", hash = "sha256:d85002238b5180bce4b245c13d6face848faa1a7a9e5c6e292025004f2fd619a"},
    {file = "PyQt5_sip-12.9.0-cp36-cp36m-manylinux1_x86_64.whl", hash = "sha256:83c3220b1ca36eb8623ba2eb3766637b19eb0ce9f42336ad8253656d32750c0a"},
    {file = "PyQt5_sip-12.9.0-cp36-cp36m-win32.whl", hash = "sha256:d8b2bdff7bbf45bc975c113a03b14fd669dc0c73e1327f02706666a7dd51a197"},
    {file = "PyQt5_sip-12.9.0-cp36-cp36m-win_amd64.whl", hash = "sha256:69a3ad4259172e2b1aa9060de211efac39ddd734a517b1924d9c6c0cc4f55f96"},
    {file = "PyQt5_sip-12.9.0-cp37-cp37m-macosx_10_9_x86_64.whl", hash = "sha256:42274a501ab4806d2c31659170db14c282b8313d2255458064666d9e70d96206"},
    {file = "PyQt5_sip-12.9.0-cp37-cp37m-manylinux1_x86_64.whl", hash = "sha256:6a8701892a01a5a2a4720872361197cc80fdd5f49c8482d488ddf38c9c84f055"},
    {file = "PyQt5_sip-12.9.0-cp37-cp37m-win32.whl", hash = "sha256:ac57d796c78117eb39edd1d1d1aea90354651efac9d3590aac67fa4983f99f1f"},
    {file = "PyQt5_sip-12.9.0-cp37-cp37m-win_amd64.whl", hash = "sha256:4347bd81d30c8e3181e553b3734f91658cfbdd8f1a19f254777f906870974e6d"},
    {file = "PyQt5_sip-12.9.0-cp38-cp38-macosx_10_9_x86_64.whl", hash = "sha256:c446971c360a0a1030282a69375a08c78e8a61d568bfd6dab3dcc5cf8817f644"},
    {file = "PyQt5_sip-12.9.0-cp38-cp38-manylinux1_x86_64.whl", hash = "sha256:fc43f2d7c438517ee33e929e8ae77132749c15909afab6aeece5fcf4147ffdb5"},
    {file = "PyQt5_sip-12.9.0-cp38-cp38-win32.whl", hash = "sha256:055581c6fed44ba4302b70eeb82e979ff70400037358908f251cd85cbb3dbd93"},
    {file = "PyQt5_sip-12.9.0-cp38-cp38-win_amd64.whl", hash = "sha256:c5216403d4d8d857ec4a61f631d3945e44fa248aa2415e9ee9369ab7c8a4d0c7"},
    {file = "PyQt5_sip-12.9.0-cp39-cp39-macosx_10_9_x86_64.whl", hash = "sha256:a25b9843c7da6a1608f310879c38e6434331aab1dc2fe6cb65c14f1ecf33780e"},
    {file = "PyQt5_sip-12.9.0-cp39-cp39-manylinux1_x86_64.whl", hash = "sha256:dd05c768c2b55ffe56a9d49ce6cc77cdf3d53dbfad935258a9e347cbfd9a5850"},
    {file = "PyQt5_sip-12.9.0-cp39-cp39-win32.whl", hash = "sha256:4f8e05fe01d54275877c59018d8e82dcdd0bc5696053a8b830eecea3ce806121"},
    {file = "PyQt5_sip-12.9.0-cp39-cp39-win_amd64.whl", hash = "sha256:b09f4cd36a4831229fb77c424d89635fa937d97765ec90685e2f257e56a2685a"},
    {file = "PyQt5_sip-12.9.0.tar.gz", hash = "sha256:d3e4489d7c2b0ece9d203ae66e573939f7f60d4d29e089c9f11daa17cfeaae32"},
]
pyqtgraph = [
    {file = "pyqtgraph-0.12.3-py3-none-any.whl", hash = "sha256:06997eaae40bfa2b870647f98384a63b12f75118303b674337a080f8eb9a0030"},
    {file = "pyqtgraph-0.12.3.tar.gz", hash = "sha256:f1dfee710fa5e9abaaf3d4dff0116659e6c7b4e7b514870c5cddad268a753d74"},
]
